version = 1
revision = 3
requires-python = ">=3.12"

[[package]]
name = "hello-mrhttp"
version = "0.1.0"
source = { virtual = "." }
dependencies = [
    { name = "mrhttp" },
    { name = "mrpacker" },
]

[package.metadata]
requires-dist = [
    { name = "mrhttp", specifier = ">=0.13" },
    { name = "mrpacker", specifier = ">=1.15" },
]

[[package]]
name = "mrhttp"
version = "0.13"
source = { registry = "https://pypi.org/simple" }
dependencies = [
    { name = "uvloop" },
]
sdist = { url = "https://files.pythonhosted.org/packages/36/ba/48e687cfc6138f9bf2f8b7fdc556f78e1e7ae3ccb19fbf9818dc29e8113c/mrhttp-0.13.tar.gz", hash = "sha256:13a46755ae24665190994e26db1665b8e981ffedccf0d196c8054f08f499ba6b", size = 78018, upload-time = "2024-07-18T16:39:39.853Z" }
wheels = [
    { url = "https://files.pythonhosted.org/packages/87/03/0fc4e2f23dfc8ea9dc06e667033426a24a49178dcf18ec8cb19c4decd900/mrhttp-0.13-cp312-cp312-manylinux_2_17_x86_64.manylinux2014_x86_64.whl", hash = "sha256:82d69b13b211198493134b0379be61826596b2bec46c47814dcd2d07722d97fb", size = 252719, upload-time = "2024-07-18T16:39:23.534Z" },
    { url = "https://files.pythonhosted.org/packages/ea/da/3f7ad3aa28f93c04d498ba68b12675c7cd1bdc54b362343ee77b22f71212/mrhttp-0.13-cp312-cp312-musllinux_1_1_x86_64.whl", hash = "sha256:444795231664aa8b4cb3366c30672100f4cc28d115ec18ef74f35efa58401689", size = 267011, upload-time = "2024-07-18T16:39:24.737Z" },
]

[[package]]
name = "mrpacker"
version = "1.15"
source = { registry = "https://pypi.org/simple" }
sdist = { url = "https://files.pythonhosted.org/packages/7b/21/0625175061a79389a366a7385dc6e26ab6d5ae822df0593cde654b49a975/mrpacker-1.15.tar.gz", hash = "sha256:1ae544ef61eb870e76057f8e591adc65489a0537feecb0aa1e0d405a36b68774", size = 7417, upload-time = "2025-02-26T16:56:28.36Z" }
wheels = [
    { url = "https://files.pythonhosted.org/packages/44/c9/220cda9493153a7aa01c7ad70308338ce62f0b2f07d8a772e5359cb987c6/mrpacker-1.15-cp312-cp312-macosx_10_9_x86_64.whl", hash = "sha256:76c4d00d19ad4dfa3af887a06bdfd22f8189d528d1b4049f6aa8a41e07f7d754", size = 7904, upload-time = "2025-02-26T16:55:20.216Z" },
    { url = "https://files.pythonhosted.org/packages/ca/08/ab11427ea0425a73fc9c26a7db9c32babfd72a59b5004112aefbf7a44ea2/mrpacker-1.15-cp312-cp312-manylinux_2_17_x86_64.manylinux2014_x86_64.whl", hash = "sha256:3c5ee6eae4ab9f78f341ca6afa7588986e02e9c324f52973e946944f3ee1ad2a", size = 28498, upload-time = "2025-02-26T16:55:21.287Z" },
    { url = "https://files.pythonhosted.org/packages/c2/d7/80a1089bde6467f58514371586a03c7869edc52eafd02af7c6c350f3b821/mrpacker-1.15-cp312-cp312-manylinux_2_5_i686.manylinux1_i686.manylinux_2_17_i686.manylinux2014_i686.whl", hash = "sha256:16ad7e19f3cc6e0729248aab944756c80243435dadd7d95ed29f9a9bc19bb281", size = 27859, upload-time = "2025-02-26T16:55:22.314Z" },
    { url = "https://files.pythonhosted.org/packages/9d/b4/0baaef19a91c14f2362c0745d96d88dc389939457e491a1e434f54b85dcb/mrpacker-1.15-cp312-cp312-musllinux_1_1_i686.whl", hash = "sha256:679c026d97d592d228fd398054f886a31d37433453de71a10cdb7d5ab6e8008d", size = 36054, upload-time = "2025-02-26T16:55:24.216Z" },
    { url = "https://files.pythonhosted.org/packages/47/05/5e77d78e134465b35bab60b8079d358ed77aa98c76127f49322e68dba2f3/mrpacker-1.15-cp312-cp312-musllinux_1_1_x86_64.whl", hash = "sha256:2ccb34fe39cabdebebba199ec9d3da93e35ec9d3bb8ad0ba54fbba113dfe4d00", size = 36371, upload-time = "2025-02-26T16:55:25.241Z" },
    { url = "https://files.pythonhosted.org/packages/5b/47/ca4701a3d27ffe506484b459f7e973bc31dbc10013392fb06ec4b89bcbb0/mrpacker-1.15-cp312-cp312-win32.whl", hash = "sha256:51b6957e9439be74b660c2c649cea3561a5f12ce3c7fcf7530c96045a3722c5c", size = 9972, upload-time = "2025-02-26T16:55:26.291Z" },
    { url = "https://files.pythonhosted.org/packages/ef/36/6bcd5077aa14b0f76eee4f214e1550f48291703745b3432e1abd9dc91be5/mrpacker-1.15-cp312-cp312-win_amd64.whl", hash = "sha256:a15e6d9ab999cb81ea4d9ca9ebdaf08ce01959457130c02db8a13ef01a41097d", size = 10609, upload-time = "2025-02-26T16:55:29.597Z" },
]

[[package]]
name = "uvloop"
version = "0.21.0"
source = { registry = "https://pypi.org/simple" }
sdist = { url = "https://files.pythonhosted.org/packages/af/c0/854216d09d33c543f12a44b393c402e89a920b1a0a7dc634c42de91b9cf6/uvloop-0.21.0.tar.gz", hash = "sha256:3bf12b0fda68447806a7ad847bfa591613177275d35b6724b1ee573faa3704e3", size = 2492741, upload-time = "2024-10-14T23:38:35.489Z" }
wheels = [
    { url = "https://files.pythonhosted.org/packages/8c/4c/03f93178830dc7ce8b4cdee1d36770d2f5ebb6f3d37d354e061eefc73545/uvloop-0.21.0-cp312-cp312-macosx_10_13_universal2.whl", hash = "sha256:359ec2c888397b9e592a889c4d72ba3d6befba8b2bb01743f72fffbde663b59c", size = 1471284, upload-time = "2024-10-14T23:37:47.833Z" },
    { url = "https://files.pythonhosted.org/packages/43/3e/92c03f4d05e50f09251bd8b2b2b584a2a7f8fe600008bcc4523337abe676/uvloop-0.21.0-cp312-cp312-macosx_10_13_x86_64.whl", hash = "sha256:f7089d2dc73179ce5ac255bdf37c236a9f914b264825fdaacaded6990a7fb4c2", size = 821349, upload-time = "2024-10-14T23:37:50.149Z" },
    { url = "https://files.pythonhosted.org/packages/a6/ef/a02ec5da49909dbbfb1fd205a9a1ac4e88ea92dcae885e7c961847cd51e2/uvloop-0.21.0-cp312-cp312-manylinux_2_17_aarch64.manylinux2014_aarch64.whl", hash = "sha256:baa4dcdbd9ae0a372f2167a207cd98c9f9a1ea1188a8a526431eef2f8116cc8d", size = 4580089, upload-time = "2024-10-14T23:37:51.703Z" },
    { url = "https://files.pythonhosted.org/packages/06/a7/b4e6a19925c900be9f98bec0a75e6e8f79bb53bdeb891916609ab3958967/uvloop-0.21.0-cp312-cp312-manylinux_2_17_x86_64.manylinux2014_x86_64.whl", hash = "sha256:86975dca1c773a2c9864f4c52c5a55631038e387b47eaf56210f873887b6c8dc", size = 4693770, upload-time = "2024-10-14T23:37:54.122Z" },
    { url = "https://files.pythonhosted.org/packages/ce/0c/f07435a18a4b94ce6bd0677d8319cd3de61f3a9eeb1e5f8ab4e8b5edfcb3/uvloop-0.21.0-cp312-cp312-musllinux_1_2_aarch64.whl", hash = "sha256:461d9ae6660fbbafedd07559c6a2e57cd553b34b0065b6550685f6653a98c1cb", size = 4451321, upload-time = "2024-10-14T23:37:55.766Z" },
    { url = "https://files.pythonhosted.org/packages/8f/eb/f7032be105877bcf924709c97b1bf3b90255b4ec251f9340cef912559f28/uvloop-0.21.0-cp312-cp312-musllinux_1_2_x86_64.whl", hash = "sha256:183aef7c8730e54c9a3ee3227464daed66e37ba13040bb3f350bc2ddc040f22f", size = 4659022, upload-time = "2024-10-14T23:37:58.195Z" },
    { url = "https://files.pythonhosted.org/packages/3f/8d/2cbef610ca21539f0f36e2b34da49302029e7c9f09acef0b1c3b5839412b/uvloop-0.21.0-cp313-cp313-macosx_10_13_universal2.whl", hash = "sha256:bfd55dfcc2a512316e65f16e503e9e450cab148ef11df4e4e679b5e8253a5281", size = 1468123, upload-time = "2024-10-14T23:38:00.688Z" },
    { url = "https://files.pythonhosted.org/packages/93/0d/b0038d5a469f94ed8f2b2fce2434a18396d8fbfb5da85a0a9781ebbdec14/uvloop-0.21.0-cp313-cp313-macosx_10_13_x86_64.whl", hash = "sha256:787ae31ad8a2856fc4e7c095341cccc7209bd657d0e71ad0dc2ea83c4a6fa8af", size = 819325, upload-time = "2024-10-14T23:38:02.309Z" },
    { url = "https://files.pythonhosted.org/packages/50/94/0a687f39e78c4c1e02e3272c6b2ccdb4e0085fda3b8352fecd0410ccf915/uvloop-0.21.0-cp313-cp313-manylinux_2_17_aarch64.manylinux2014_aarch64.whl", hash = "sha256:5ee4d4ef48036ff6e5cfffb09dd192c7a5027153948d85b8da7ff705065bacc6", size = 4582806, upload-time = "2024-10-14T23:38:04.711Z" },
    { url = "https://files.pythonhosted.org/packages/d2/19/f5b78616566ea68edd42aacaf645adbf71fbd83fc52281fba555dc27e3f1/uvloop-0.21.0-cp313-cp313-manylinux_2_17_x86_64.manylinux2014_x86_64.whl", hash = "sha256:f3df876acd7ec037a3d005b3ab85a7e4110422e4d9c1571d4fc89b0fc41b6816", size = 4701068, upload-time = "2024-10-14T23:38:06.385Z" },
    { url = "https://files.pythonhosted.org/packages/47/57/66f061ee118f413cd22a656de622925097170b9380b30091b78ea0c6ea75/uvloop-0.21.0-cp313-cp313-musllinux_1_2_aarch64.whl", hash = "sha256:bd53ecc9a0f3d87ab847503c2e1552b690362e005ab54e8a48ba97da3924c0dc", size = 4454428, upload-time = "2024-10-14T23:38:08.416Z" },
    { url = "https://files.pythonhosted.org/packages/63/9a/0962b05b308494e3202d3f794a6e85abe471fe3cafdbcf95c2e8c713aabd/uvloop-0.21.0-cp313-cp313-musllinux_1_2_x86_64.whl", hash = "sha256:a5c39f217ab3c663dc699c04cbd50c13813e31d917642d459fdcec07555cc553", size = 4660018, upload-time = "2024-10-14T23:38:10.888Z" },
]
